
Microsoft Visual Studio Solution File, Format Version 12.00
# Visual Studio 14
VisualStudioVersion = 14.0.23107.0
MinimumVisualStudioVersion = 10.0.40219.1
Project("{FAE04EC0-301F-11D3-BF4B-00C04F79EFBC}") = "M101N_Homework2-2", "M101N_Homework2-2\M101N_Homework2-2.csproj", "{B0022275-B53C-4BC3-87CE-A9736C511F53}"
EndProject
Project("{FAE04EC0-301F-11D3-BF4B-00C04F79EFBC}") = "M101N_Homework3-1", "M101N_Homework3-1\M101N_Homework3-1.csproj", "{0C3AF167-8D56-4303-8469-D508AA32EBE9}"
EndProject
Global
	GlobalSection(SolutionConfigurationPlatforms) = preSolution
		Debug|Any CPU = Debug|Any CPU
		Release|Any CPU = Release|Any CPU
	EndGlobalSection
	GlobalSection(ProjectConfigurationPlatforms) = postSolution
		{B0022275-B53C-4BC3-87CE-A9736C511F53}.Debug|Any CPU.ActiveCfg = Debug|Any CPU
		{B0022275-B53C-4BC3-87CE-A9736C511F53}.Debug|Any CPU.Build.0 = Debug|Any CPU
		{B0022275-B53C-4BC3-87CE-A9736C511F53}.Release|Any CPU.ActiveCfg = Release|Any CPU
		{B0022275-B53C-4BC3-87CE-A9736C511F53}.Release|Any CPU.Build.0 = Release|Any CPU
		{0C3AF167-8D56-4303-8469-D508AA32EBE9}.Debug|Any CPU.ActiveCfg = Debug|Any CPU
		{0C3AF167-8D56-4303-8469-D508AA32EBE9}.Debug|Any CPU.Build.0 = Debug|Any CPU
		{0C3AF167-8D56-4303-8469-D508AA32EBE9}.Release|Any CPU.ActiveCfg = Release|Any CPU
		{0C3AF167-8D56-4303-8469-D508AA32EBE9}.Release|Any CPU.Build.0 = Release|Any CPU
	EndGlobalSection
	GlobalSection(SolutionProperties) = preSolution
		HideSolutionNode = FALSE
	EndGlobalSection
EndGlobal
